
Microsoft Visual Studio Solution File, Format Version 12.00
# Visual Studio Version 17
VisualStudioVersion = 17.0.31903.59
MinimumVisualStudioVersion = 10.0.40219.1
Project("{2150E333-8FDC-42A3-9474-1A3956D46DE8}") = "src", "src", "{A3C0ECFC-A7FB-4C2C-AE62-75E407E36FFA}"
EndProject
Project("{9A19103F-16F7-4668-BE54-9A1E7A4F7556}") = "WpfAppCallingFromConsoleApp.Gui", "src\WpfAppCallingFromConsoleApp.Gui\WpfAppCallingFromConsoleApp.Gui.csproj", "{8187F83C-8095-4F5E-A3C5-128B7F740DFF}"
EndProject
Project("{9A19103F-16F7-4668-BE54-9A1E7A4F7556}") = "WpfAppCallingFromConsoleApp", "src\WpfAppCallingFromConsoleApp\WpfAppCallingFromConsoleApp.csproj", "{99BF5638-E1A7-4F88-8CE0-45923D18F694}"
EndProject
Global
	GlobalSection(SolutionConfigurationPlatforms) = preSolution
		Debug|Any CPU = Debug|Any CPU
		Release|Any CPU = Release|Any CPU
	EndGlobalSection
	GlobalSection(ProjectConfigurationPlatforms) = postSolution
		{8187F83C-8095-4F5E-A3C5-128B7F740DFF}.Debug|Any CPU.ActiveCfg = Debug|Any CPU
		{8187F83C-8095-4F5E-A3C5-128B7F740DFF}.Debug|Any CPU.Build.0 = Debug|Any CPU
		{8187F83C-8095-4F5E-A3C5-128B7F740DFF}.Release|Any CPU.ActiveCfg = Release|Any CPU
		{8187F83C-8095-4F5E-A3C5-128B7F740DFF}.Release|Any CPU.Build.0 = Release|Any CPU
		{99BF5638-E1A7-4F88-8CE0-45923D18F694}.Debug|Any CPU.ActiveCfg = Debug|Any CPU
		{99BF5638-E1A7-4F88-8CE0-45923D18F694}.Debug|Any CPU.Build.0 = Debug|Any CPU
		{99BF5638-E1A7-4F88-8CE0-45923D18F694}.Release|Any CPU.ActiveCfg = Release|Any CPU
		{99BF5638-E1A7-4F88-8CE0-45923D18F694}.Release|Any CPU.Build.0 = Release|Any CPU
	EndGlobalSection
	GlobalSection(SolutionProperties) = preSolution
		HideSolutionNode = FALSE
	EndGlobalSection
	GlobalSection(NestedProjects) = preSolution
		{8187F83C-8095-4F5E-A3C5-128B7F740DFF} = {A3C0ECFC-A7FB-4C2C-AE62-75E407E36FFA}
		{99BF5638-E1A7-4F88-8CE0-45923D18F694} = {A3C0ECFC-A7FB-4C2C-AE62-75E407E36FFA}
	EndGlobalSection
	GlobalSection(ExtensibilityGlobals) = postSolution
		SolutionGuid = {1B62EC9F-3C6A-4E8A-9B44-AAF380F5229F}
	EndGlobalSection
EndGlobal
